// !$*UTF8*$!
{
	archiveVersion = 1;
	classes = {
	};
	objectVersion = 56;
	objects = {

/* Begin PBXBuildFile section */
		E2D2B7D6293FB86D0006ACA8 /* notifier.h in Headers */ = {isa = PBXBuildFile; fileRef = E2D2B7D1293FB86C0006ACA8 /* notifier.h */; settings = {ATTRIBUTES = (Public, ); }; };
		E2D2B7D7293FB86D0006ACA8 /* select.h in Headers */ = {isa = PBXBuildFile; fileRef = E2D2B7D2293FB86C0006ACA8 /* select.h */; settings = {ATTRIBUTES = (Public, ); }; };
		E2D2B7D8293FB86D0006ACA8 /* socket.h in Headers */ = {isa = PBXBuildFile; fileRef = E2D2B7D3293FB86D0006ACA8 /* socket.h */; settings = {ATTRIBUTES = (Public, ); }; };
		E2D2B7D9293FB86D0006ACA8 /* server.h in Headers */ = {isa = PBXBuildFile; fileRef = E2D2B7D4293FB86D0006ACA8 /* server.h */; settings = {ATTRIBUTES = (Public, ); }; };
		E2D2B7DA293FB86D0006ACA8 /* descriptor_set.h in Headers */ = {isa = PBXBuildFile; fileRef = E2D2B7D5293FB86D0006ACA8 /* descriptor_set.h */; settings = {ATTRIBUTES = (Public, ); }; };
		E2D2B7DF293FB87D0006ACA8 /* notifier.cpp in Sources */ = {isa = PBXBuildFile; fileRef = E2D2B7DB293FB87D0006ACA8 /* notifier.cpp */; };
		E2D2B7E0293FB87D0006ACA8 /* server.cpp in Sources */ = {isa = PBXBuildFile; fileRef = E2D2B7DC293FB87D0006ACA8 /* server.cpp */; };
		E2D2B7E1293FB87D0006ACA8 /* select.cpp in Sources */ = {isa = PBXBuildFile; fileRef = E2D2B7DD293FB87D0006ACA8 /* select.cpp */; };
		E2D2B7E2293FB87D0006ACA8 /* descriptor_set.cpp in Sources */ = {isa = PBXBuildFile; fileRef = E2D2B7DE293FB87D0006ACA8 /* descriptor_set.cpp */; };
		E2D2B7E7293FB9550006ACA8 /* socket.cpp in Sources */ = {isa = PBXBuildFile; fileRef = E2D2B7E6293FB9550006ACA8 /* socket.cpp */; };
/* End PBXBuildFile section */

/* Begin PBXFileReference section */
		E2D2B7C6293FB7140006ACA8 /* libcpp-network.a */ = {isa = PBXFileReference; explicitFileType = archive.ar; includeInIndex = 0; path = "libcpp-network.a"; sourceTree = BUILT_PRODUCTS_DIR; };
		E2D2B7D1293FB86C0006ACA8 /* notifier.h */ = {isa = PBXFileReference; lastKnownFileType = sourcecode.c.h; path = notifier.h; sourceTree = "<group>"; };
		E2D2B7D2293FB86C0006ACA8 /* select.h */ = {isa = PBXFileReference; lastKnownFileType = sourcecode.c.h; path = select.h; sourceTree = "<group>"; };
		E2D2B7D3293FB86D0006ACA8 /* socket.h */ = {isa = PBXFileReference; lastKnownFileType = sourcecode.c.h; path = socket.h; sourceTree = "<group>"; };
		E2D2B7D4293FB86D0006ACA8 /* server.h */ = {isa = PBXFileReference; lastKnownFileType = sourcecode.c.h; path = server.h; sourceTree = "<group>"; };
		E2D2B7D5293FB86D0006ACA8 /* descriptor_set.h */ = {isa = PBXFileReference; lastKnownFileType = sourcecode.c.h; path = descriptor_set.h; sourceTree = "<group>"; };
		E2D2B7DB293FB87D0006ACA8 /* notifier.cpp */ = {isa = PBXFileReference; lastKnownFileType = sourcecode.cpp.cpp; path = notifier.cpp; sourceTree = "<group>"; };
		E2D2B7DC293FB87D0006ACA8 /* server.cpp */ = {isa = PBXFileReference; lastKnownFileType = sourcecode.cpp.cpp; name = server.cpp; path = "cpp-network/server.cpp"; sourceTree = SOURCE_ROOT; };
		E2D2B7DD293FB87D0006ACA8 /* select.cpp */ = {isa = PBXFileReference; lastKnownFileType = sourcecode.cpp.cpp; path = select.cpp; sourceTree = "<group>"; };
		E2D2B7DE293FB87D0006ACA8 /* descriptor_set.cpp */ = {isa = PBXFileReference; lastKnownFileType = sourcecode.cpp.cpp; path = descriptor_set.cpp; sourceTree = "<group>"; };
		E2D2B7E6293FB9550006ACA8 /* socket.cpp */ = {isa = PBXFileReference; fileEncoding = 4; lastKnownFileType = sourcecode.cpp.cpp; path = socket.cpp; sourceTree = "<group>"; };
/* End PBXFileReference section */

/* Begin PBXFrameworksBuildPhase section */
		E2D2B7C4293FB7140006ACA8 /* Frameworks */ = {
			isa = PBXFrameworksBuildPhase;
			buildActionMask = 2147483647;
			files = (
			);
			runOnlyForDeploymentPostprocessing = 0;
		};
/* End PBXFrameworksBuildPhase section */

/* Begin PBXGroup section */
		E2D2B7BD293FB7140006ACA8 = {
			isa = PBXGroup;
			children = (
				E2D2B7E5293FB8FF0006ACA8 /* cpp-network */,
				E2D2B7C7293FB7140006ACA8 /* Products */,
			);
			sourceTree = "<group>";
		};
		E2D2B7C7293FB7140006ACA8 /* Products */ = {
			isa = PBXGroup;
			children = (
				E2D2B7C6293FB7140006ACA8 /* libcpp-network.a */,
			);
			name = Products;
			sourceTree = "<group>";
		};
		E2D2B7E5293FB8FF0006ACA8 /* cpp-network */ = {
			isa = PBXGroup;
			children = (
				E2D2B7DE293FB87D0006ACA8 /* descriptor_set.cpp */,
				E2D2B7D5293FB86D0006ACA8 /* descriptor_set.h */,
				E2D2B7DB293FB87D0006ACA8 /* notifier.cpp */,
				E2D2B7D1293FB86C0006ACA8 /* notifier.h */,
				E2D2B7DD293FB87D0006ACA8 /* select.cpp */,
				E2D2B7D2293FB86C0006ACA8 /* select.h */,
				E2D2B7DC293FB87D0006ACA8 /* server.cpp */,
				E2D2B7D4293FB86D0006ACA8 /* server.h */,
				E2D2B7E6293FB9550006ACA8 /* socket.cpp */,
				E2D2B7D3293FB86D0006ACA8 /* socket.h */,
			);
			path = "cpp-network";
			sourceTree = "<group>";
		};
/* End PBXGroup section */

/* Begin PBXHeadersBuildPhase section */
		E2D2B7C2293FB7140006ACA8 /* Headers */ = {
			isa = PBXHeadersBuildPhase;
			buildActionMask = 2147483647;
			files = (
				E2D2B7D6293FB86D0006ACA8 /* notifier.h in Headers */,
				E2D2B7D7293FB86D0006ACA8 /* select.h in Headers */,
				E2D2B7D8293FB86D0006ACA8 /* socket.h in Headers */,
				E2D2B7D9293FB86D0006ACA8 /* server.h in Headers */,
				E2D2B7DA293FB86D0006ACA8 /* descriptor_set.h in Headers */,
			);
			runOnlyForDeploymentPostprocessing = 0;
		};
/* End PBXHeadersBuildPhase section */

/* Begin PBXNativeTarget section */
		E2D2B7C5293FB7140006ACA8 /* cpp-network */ = {
			isa = PBXNativeTarget;
			buildConfigurationList = E2D2B7CA293FB7140006ACA8 /* Build configuration list for PBXNativeTarget "cpp-network" */;
			buildPhases = (
				E2D2B7C2293FB7140006ACA8 /* Headers */,
				E2D2B7C3293FB7140006ACA8 /* Sources */,
				E2D2B7C4293FB7140006ACA8 /* Frameworks */,
			);
			buildRules = (
			);
			dependencies = (
			);
			name = "cpp-network";
			productName = "cpp-network";
			productReference = E2D2B7C6293FB7140006ACA8 /* libcpp-network.a */;
			productType = "com.apple.product-type.library.static";
		};
/* End PBXNativeTarget section */

/* Begin PBXProject section */
		E2D2B7BE293FB7140006ACA8 /* Project object */ = {
			isa = PBXProject;
			attributes = {
				BuildIndependentTargetsInParallel = 1;
				LastUpgradeCheck = 1410;
				TargetAttributes = {
					E2D2B7C5293FB7140006ACA8 = {
						CreatedOnToolsVersion = 14.1;
					};
				};
			};
			buildConfigurationList = E2D2B7C1293FB7140006ACA8 /* Build configuration list for PBXProject "cpp-network" */;
			compatibilityVersion = "Xcode 14.0";
			developmentRegion = en;
			hasScannedForEncodings = 0;
			knownRegions = (
				en,
				Base,
			);
			mainGroup = E2D2B7BD293FB7140006ACA8;
			productRefGroup = E2D2B7C7293FB7140006ACA8 /* Products */;
			projectDirPath = "";
			projectRoot = "";
			targets = (
				E2D2B7C5293FB7140006ACA8 /* cpp-network */,
			);
		};
/* End PBXProject section */

/* Begin PBXSourcesBuildPhase section */
		E2D2B7C3293FB7140006ACA8 /* Sources */ = {
			isa = PBXSourcesBuildPhase;
			buildActionMask = 2147483647;
			files = (
				E2D2B7DF293FB87D0006ACA8 /* notifier.cpp in Sources */,
				E2D2B7E7293FB9550006ACA8 /* socket.cpp in Sources */,
				E2D2B7E0293FB87D0006ACA8 /* server.cpp in Sources */,
				E2D2B7E1293FB87D0006ACA8 /* select.cpp in Sources */,
				E2D2B7E2293FB87D0006ACA8 /* descriptor_set.cpp in Sources */,
			);
			runOnlyForDeploymentPostprocessing = 0;
		};
/* End PBXSourcesBuildPhase section */

/* Begin XCBuildConfiguration section */
		E2D2B7C8293FB7140006ACA8 /* Debug */ = {
			isa = XCBuildConfiguration;
			buildSettings = {
				ALWAYS_SEARCH_USER_PATHS = NO;
				CLANG_ANALYZER_NONNULL = YES;
				CLANG_ANALYZER_NUMBER_OBJECT_CONVERSION = YES_AGGRESSIVE;
				CLANG_CXX_LANGUAGE_STANDARD = "c++20";
				CLANG_ENABLE_MODULES = YES;
				CLANG_ENABLE_OBJC_ARC = YES;
				CLANG_ENABLE_OBJC_WEAK = YES;
				CLANG_WARN_BLOCK_CAPTURE_AUTORELEASING = YES;
				CLANG_WARN_BOOL_CONVERSION = YES;
				CLANG_WARN_COMMA = YES;
				CLANG_WARN_CONSTANT_CONVERSION = YES;
				CLANG_WARN_DEPRECATED_OBJC_IMPLEMENTATIONS = YES;
				CLANG_WARN_DIRECT_OBJC_ISA_USAGE = YES_ERROR;
				CLANG_WARN_DOCUMENTATION_COMMENTS = YES;
				CLANG_WARN_EMPTY_BODY = YES;
				CLANG_WARN_ENUM_CONVERSION = YES;
				CLANG_WARN_INFINITE_RECURSION = YES;
				CLANG_WARN_INT_CONVERSION = YES;
				CLANG_WARN_NON_LITERAL_NULL_CONVERSION = YES;
				CLANG_WARN_OBJC_IMPLICIT_RETAIN_SELF = YES;
				CLANG_WARN_OBJC_LITERAL_CONVERSION = YES;
				CLANG_WARN_OBJC_ROOT_CLASS = YES_ERROR;
				CLANG_WARN_QUOTED_INCLUDE_IN_FRAMEWORK_HEADER = YES;
				CLANG_WARN_RANGE_LOOP_ANALYSIS = YES;
				CLANG_WARN_STRICT_PROTOTYPES = YES;
				CLANG_WARN_SUSPICIOUS_MOVE = YES;
				CLANG_WARN_UNGUARDED_AVAILABILITY = YES_AGGRESSIVE;
				CLANG_WARN_UNREACHABLE_CODE = YES;
				CLANG_WARN__DUPLICATE_METHOD_MATCH = YES;
				COPY_PHASE_STRIP = NO;
				DEBUG_INFORMATION_FORMAT = dwarf;
				ENABLE_STRICT_OBJC_MSGSEND = YES;
				ENABLE_TESTABILITY = YES;
				GCC_C_LANGUAGE_STANDARD = c11;
				GCC_DYNAMIC_NO_PIC = NO;
				GCC_NO_COMMON_BLOCKS = YES;
				GCC_OPTIMIZATION_LEVEL = 0;
				GCC_PREPROCESSOR_DEFINITIONS = (
					"DEBUG=1",
					"$(inherited)",
				);
				GCC_TREAT_WARNINGS_AS_ERRORS = YES;
				GCC_WARN_64_TO_32_BIT_CONVERSION = YES;
				GCC_WARN_ABOUT_RETURN_TYPE = YES_ERROR;
				GCC_WARN_PEDANTIC = YES;
				GCC_WARN_UNDECLARED_SELECTOR = YES;
				GCC_WARN_UNINITIALIZED_AUTOS = YES_AGGRESSIVE;
				GCC_WARN_UNUSED_FUNCTION = YES;
				GCC_WARN_UNUSED_VARIABLE = YES;
				MACOSX_DEPLOYMENT_TARGET = 13.0;
				MTL_ENABLE_DEBUG_INFO = INCLUDE_SOURCE;
				MTL_FAST_MATH = YES;
				ONLY_ACTIVE_ARCH = YES;
				SDKROOT = macosx;
			};
			name = Debug;
		};
		E2D2B7C9293FB7140006ACA8 /* Release */ = {
			isa = XCBuildConfiguration;
			buildSettings = {
				ALWAYS_SEARCH_USER_PATHS = NO;
				CLANG_ANALYZER_NONNULL = YES;
				CLANG_ANALYZER_NUMBER_OBJECT_CONVERSION = YES_AGGRESSIVE;
				CLANG_CXX_LANGUAGE_STANDARD = "c++20";
				CLANG_ENABLE_MODULES = YES;
				CLANG_ENABLE_OBJC_ARC = YES;
				CLANG_ENABLE_OBJC_WEAK = YES;
				CLANG_WARN_BLOCK_CAPTURE_AUTORELEASING = YES;
				CLANG_WARN_BOOL_CONVERSION = YES;
				CLANG_WARN_COMMA = YES;
				CLANG_WARN_CONSTANT_CONVERSION = YES;
				CLANG_WARN_DEPRECATED_OBJC_IMPLEMENTATIONS = YES;
				CLANG_WARN_DIRECT_OBJC_ISA_USAGE = YES_ERROR;
				CLANG_WARN_DOCUMENTATION_COMMENTS = YES;
				CLANG_WARN_EMPTY_BODY = YES;
				CLANG_WARN_ENUM_CONVERSION = YES;
				CLANG_WARN_INFINITE_RECURSION = YES;
				CLANG_WARN_INT_CONVERSION = YES;
				CLANG_WARN_NON_LITERAL_NULL_CONVERSION = YES;
				CLANG_WARN_OBJC_IMPLICIT_RETAIN_SELF = YES;
				CLANG_WARN_OBJC_LITERAL_CONVERSION = YES;
				CLANG_WARN_OBJC_ROOT_CLASS = YES_ERROR;
				CLANG_WARN_QUOTED_INCLUDE_IN_FRAMEWORK_HEADER = YES;
				CLANG_WARN_RANGE_LOOP_ANALYSIS = YES;
				CLANG_WARN_STRICT_PROTOTYPES = YES;
				CLANG_WARN_SUSPICIOUS_MOVE = YES;
				CLANG_WARN_UNGUARDED_AVAILABILITY = YES_AGGRESSIVE;
				CLANG_WARN_UNREACHABLE_CODE = YES;
				CLANG_WARN__DUPLICATE_METHOD_MATCH = YES;
				COPY_PHASE_STRIP = NO;
				DEBUG_INFORMATION_FORMAT = "dwarf-with-dsym";
				ENABLE_NS_ASSERTIONS = NO;
				ENABLE_STRICT_OBJC_MSGSEND = YES;
				GCC_C_LANGUAGE_STANDARD = c11;
				GCC_NO_COMMON_BLOCKS = YES;
				GCC_PREPROCESSOR_DEFINITIONS = "NDEBUG=1";
				GCC_TREAT_WARNINGS_AS_ERRORS = YES;
				GCC_WARN_64_TO_32_BIT_CONVERSION = YES;
				GCC_WARN_ABOUT_RETURN_TYPE = YES_ERROR;
				GCC_WARN_PEDANTIC = YES;
				GCC_WARN_UNDECLARED_SELECTOR = YES;
				GCC_WARN_UNINITIALIZED_AUTOS = YES_AGGRESSIVE;
				GCC_WARN_UNUSED_FUNCTION = YES;
				GCC_WARN_UNUSED_VARIABLE = YES;
				MACOSX_DEPLOYMENT_TARGET = 13.0;
				MTL_ENABLE_DEBUG_INFO = NO;
				MTL_FAST_MATH = YES;
				SDKROOT = macosx;
			};
			name = Release;
		};
		E2D2B7CB293FB7140006ACA8 /* Debug */ = {
			isa = XCBuildConfiguration;
			buildSettings = {
				CODE_SIGN_STYLE = Automatic;
				EXECUTABLE_PREFIX = lib;
				PRODUCT_NAME = "$(TARGET_NAME)";
				SKIP_INSTALL = YES;
			};
			name = Debug;
		};
		E2D2B7CC293FB7140006ACA8 /* Release */ = {
			isa = XCBuildConfiguration;
			buildSettings = {
				CODE_SIGN_STYLE = Automatic;
				EXECUTABLE_PREFIX = lib;
				PRODUCT_NAME = "$(TARGET_NAME)";
				SKIP_INSTALL = YES;
			};
			name = Release;
		};
/* End XCBuildConfiguration section */

/* Begin XCConfigurationList section */
		E2D2B7C1293FB7140006ACA8 /* Build configuration list for PBXProject "cpp-network" */ = {
			isa = XCConfigurationList;
			buildConfigurations = (
				E2D2B7C8293FB7140006ACA8 /* Debug */,
				E2D2B7C9293FB7140006ACA8 /* Release */,
			);
			defaultConfigurationIsVisible = 0;
			defaultConfigurationName = Release;
		};
		E2D2B7CA293FB7140006ACA8 /* Build configuration list for PBXNativeTarget "cpp-network" */ = {
			isa = XCConfigurationList;
			buildConfigurations = (
				E2D2B7CB293FB7140006ACA8 /* Debug */,
				E2D2B7CC293FB7140006ACA8 /* Release */,
			);
			defaultConfigurationIsVisible = 0;
			defaultConfigurationName = Release;
		};
/* End XCConfigurationList section */
	};
	rootObject = E2D2B7BE293FB7140006ACA8 /* Project object */;
}
